
Microsoft Visual Studio Solution File, Format Version 12.00
# Visual Studio Version 17
VisualStudioVersion = 17.11.35208.52
MinimumVisualStudioVersion = 10.0.40219.1
Project("{FAE04EC0-301F-11D3-BF4B-00C04F79EFBC}") = "Dijkstra", "Dijkstra\Dijkstra.csproj", "{2ED76243-86DF-4AD9-8FD6-EC3B999D7D90}"
EndProject
Project("{2150E333-8FDC-42A3-9474-1A3956D46DE8}") = "Elementos de la solución", "Elementos de la solución", "{6E644689-A2AB-42CA-8A15-2926C5C57E6F}"
EndProject
Global
	GlobalSection(SolutionConfigurationPlatforms) = preSolution
		Debug|Any CPU = Debug|Any CPU
		Release|Any CPU = Release|Any CPU
	EndGlobalSection
	GlobalSection(ProjectConfigurationPlatforms) = postSolution
		{2ED76243-86DF-4AD9-8FD6-EC3B999D7D90}.Debug|Any CPU.ActiveCfg = Debug|Any CPU
		{2ED76243-86DF-4AD9-8FD6-EC3B999D7D90}.Debug|Any CPU.Build.0 = Debug|Any CPU
		{2ED76243-86DF-4AD9-8FD6-EC3B999D7D90}.Release|Any CPU.ActiveCfg = Release|Any CPU
		{2ED76243-86DF-4AD9-8FD6-EC3B999D7D90}.Release|Any CPU.Build.0 = Release|Any CPU
	EndGlobalSection
	GlobalSection(SolutionProperties) = preSolution
		HideSolutionNode = FALSE
	EndGlobalSection
	GlobalSection(ExtensibilityGlobals) = postSolution
		SolutionGuid = {3EE93ACB-122C-41F6-AD3C-6FE993BAA906}
	EndGlobalSection
EndGlobal
